
Microsoft Visual Studio Solution File, Format Version 12.00
# Visual Studio 15
VisualStudioVersion = 15.0.26823.1
MinimumVisualStudioVersion = 10.0.40219.1
Project("{9A19103F-16F7-4668-BE54-9A1E7A4F7556}") = "IdentityServer", "IdentityServer\IdentityServer.csproj", "{DBD87C4A-B8AB-474E-AA24-B3FA3968E6D5}"
EndProject
Project("{9A19103F-16F7-4668-BE54-9A1E7A4F7556}") = "MyApi", "MyApi\MyApi.csproj", "{9CEFFE92-59EF-4FB7-BE24-085D2A3CCB8D}"
EndProject
Project("{9A19103F-16F7-4668-BE54-9A1E7A4F7556}") = "MyWeb", "MyWeb\MyWeb.csproj", "{836291AB-64E4-4DB0-A1B2-D92BB548EE74}"
EndProject
Project("{9A19103F-16F7-4668-BE54-9A1E7A4F7556}") = "Ids4AspNetIdentity", "Ids4AspNetIdentity\Ids4AspNetIdentity.csproj", "{2F22C436-5D31-4785-934E-86BDEAE92F33}"
EndProject
Global
	GlobalSection(SolutionConfigurationPlatforms) = preSolution
		Debug|Any CPU = Debug|Any CPU
		Release|Any CPU = Release|Any CPU
	EndGlobalSection
	GlobalSection(ProjectConfigurationPlatforms) = postSolution
		{DBD87C4A-B8AB-474E-AA24-B3FA3968E6D5}.Debug|Any CPU.ActiveCfg = Debug|Any CPU
		{DBD87C4A-B8AB-474E-AA24-B3FA3968E6D5}.Debug|Any CPU.Build.0 = Debug|Any CPU
		{DBD87C4A-B8AB-474E-AA24-B3FA3968E6D5}.Release|Any CPU.ActiveCfg = Release|Any CPU
		{DBD87C4A-B8AB-474E-AA24-B3FA3968E6D5}.Release|Any CPU.Build.0 = Release|Any CPU
		{9CEFFE92-59EF-4FB7-BE24-085D2A3CCB8D}.Debug|Any CPU.ActiveCfg = Debug|Any CPU
		{9CEFFE92-59EF-4FB7-BE24-085D2A3CCB8D}.Debug|Any CPU.Build.0 = Debug|Any CPU
		{9CEFFE92-59EF-4FB7-BE24-085D2A3CCB8D}.Release|Any CPU.ActiveCfg = Release|Any CPU
		{9CEFFE92-59EF-4FB7-BE24-085D2A3CCB8D}.Release|Any CPU.Build.0 = Release|Any CPU
		{836291AB-64E4-4DB0-A1B2-D92BB548EE74}.Debug|Any CPU.ActiveCfg = Debug|Any CPU
		{836291AB-64E4-4DB0-A1B2-D92BB548EE74}.Debug|Any CPU.Build.0 = Debug|Any CPU
		{836291AB-64E4-4DB0-A1B2-D92BB548EE74}.Release|Any CPU.ActiveCfg = Release|Any CPU
		{836291AB-64E4-4DB0-A1B2-D92BB548EE74}.Release|Any CPU.Build.0 = Release|Any CPU
		{2F22C436-5D31-4785-934E-86BDEAE92F33}.Debug|Any CPU.ActiveCfg = Debug|Any CPU
		{2F22C436-5D31-4785-934E-86BDEAE92F33}.Debug|Any CPU.Build.0 = Debug|Any CPU
		{2F22C436-5D31-4785-934E-86BDEAE92F33}.Release|Any CPU.ActiveCfg = Release|Any CPU
		{2F22C436-5D31-4785-934E-86BDEAE92F33}.Release|Any CPU.Build.0 = Release|Any CPU
	EndGlobalSection
	GlobalSection(SolutionProperties) = preSolution
		HideSolutionNode = FALSE
	EndGlobalSection
	GlobalSection(ExtensibilityGlobals) = postSolution
		SolutionGuid = {33FDC848-D05E-497C-8A0F-B3F0235746A9}
	EndGlobalSection
EndGlobal
